
Microsoft Visual Studio Solution File, Format Version 12.00
# Visual Studio 15
VisualStudioVersion = 15.0.28010.2019
MinimumVisualStudioVersion = 10.0.40219.1
Project("{2150E333-8FDC-42A3-9474-1A3956D46DE8}") = "Model", "Model", "{038B456E-71AF-41C7-9A98-709384CE1FBB}"
EndProject
Project("{9A19103F-16F7-4668-BE54-9A1E7A4F7556}") = "odec.CP.Server.Model.Basket.Abst", "..\src\Model\Server.Model.Basket.Abst\odec.CP.Server.Model.Basket.Abst.csproj", "{6750555C-5C17-4D1B-8BC5-CA284AC2049E}"
EndProject
Project("{9A19103F-16F7-4668-BE54-9A1E7A4F7556}") = "odec.CP.Server.Model.Services.Abst", "..\src\Model\Server.Model.Services.Abst\odec.CP.Server.Model.Services.Abst.csproj", "{B591B8CC-2B97-47AB-AFC9-BF85E174FD47}"
EndProject
Project("{9A19103F-16F7-4668-BE54-9A1E7A4F7556}") = "odec.CP.Server.Model.Services", "..\src\Model\Server.Model.Services\odec.CP.Server.Model.Services.csproj", "{5B2AD9FE-4020-4D24-A6C8-EA9BCF51A9F2}"
EndProject
Project("{9A19103F-16F7-4668-BE54-9A1E7A4F7556}") = "odec.CP.Server.Model.Booking", "..\src\Model\Server.Model.Booking\odec.CP.Server.Model.Booking.csproj", "{5DAC3118-D022-4CEF-81F0-B74ABEED8299}"
EndProject
Project("{9A19103F-16F7-4668-BE54-9A1E7A4F7556}") = "odec.CP.Server.Model.Basket", "..\src\Model\Server.Model.Basket\odec.CP.Server.Model.Basket.csproj", "{E694D4AA-BB6A-4BBE-A65B-9B3E9F62A24F}"
EndProject
Global
	GlobalSection(SolutionConfigurationPlatforms) = preSolution
		Debug|Any CPU = Debug|Any CPU
		Release|Any CPU = Release|Any CPU
	EndGlobalSection
	GlobalSection(ProjectConfigurationPlatforms) = postSolution
		{6750555C-5C17-4D1B-8BC5-CA284AC2049E}.Debug|Any CPU.ActiveCfg = Debug|Any CPU
		{6750555C-5C17-4D1B-8BC5-CA284AC2049E}.Debug|Any CPU.Build.0 = Debug|Any CPU
		{6750555C-5C17-4D1B-8BC5-CA284AC2049E}.Release|Any CPU.ActiveCfg = Release|Any CPU
		{6750555C-5C17-4D1B-8BC5-CA284AC2049E}.Release|Any CPU.Build.0 = Release|Any CPU
		{B591B8CC-2B97-47AB-AFC9-BF85E174FD47}.Debug|Any CPU.ActiveCfg = Debug|Any CPU
		{B591B8CC-2B97-47AB-AFC9-BF85E174FD47}.Debug|Any CPU.Build.0 = Debug|Any CPU
		{B591B8CC-2B97-47AB-AFC9-BF85E174FD47}.Release|Any CPU.ActiveCfg = Release|Any CPU
		{B591B8CC-2B97-47AB-AFC9-BF85E174FD47}.Release|Any CPU.Build.0 = Release|Any CPU
		{5B2AD9FE-4020-4D24-A6C8-EA9BCF51A9F2}.Debug|Any CPU.ActiveCfg = Debug|Any CPU
		{5B2AD9FE-4020-4D24-A6C8-EA9BCF51A9F2}.Debug|Any CPU.Build.0 = Debug|Any CPU
		{5B2AD9FE-4020-4D24-A6C8-EA9BCF51A9F2}.Release|Any CPU.ActiveCfg = Release|Any CPU
		{5B2AD9FE-4020-4D24-A6C8-EA9BCF51A9F2}.Release|Any CPU.Build.0 = Release|Any CPU
		{5DAC3118-D022-4CEF-81F0-B74ABEED8299}.Debug|Any CPU.ActiveCfg = Debug|Any CPU
		{5DAC3118-D022-4CEF-81F0-B74ABEED8299}.Debug|Any CPU.Build.0 = Debug|Any CPU
		{5DAC3118-D022-4CEF-81F0-B74ABEED8299}.Release|Any CPU.ActiveCfg = Release|Any CPU
		{5DAC3118-D022-4CEF-81F0-B74ABEED8299}.Release|Any CPU.Build.0 = Release|Any CPU
		{E694D4AA-BB6A-4BBE-A65B-9B3E9F62A24F}.Debug|Any CPU.ActiveCfg = Debug|Any CPU
		{E694D4AA-BB6A-4BBE-A65B-9B3E9F62A24F}.Debug|Any CPU.Build.0 = Debug|Any CPU
		{E694D4AA-BB6A-4BBE-A65B-9B3E9F62A24F}.Release|Any CPU.ActiveCfg = Release|Any CPU
		{E694D4AA-BB6A-4BBE-A65B-9B3E9F62A24F}.Release|Any CPU.Build.0 = Release|Any CPU
	EndGlobalSection
	GlobalSection(SolutionProperties) = preSolution
		HideSolutionNode = FALSE
	EndGlobalSection
	GlobalSection(NestedProjects) = preSolution
		{6750555C-5C17-4D1B-8BC5-CA284AC2049E} = {038B456E-71AF-41C7-9A98-709384CE1FBB}
		{B591B8CC-2B97-47AB-AFC9-BF85E174FD47} = {038B456E-71AF-41C7-9A98-709384CE1FBB}
		{5B2AD9FE-4020-4D24-A6C8-EA9BCF51A9F2} = {038B456E-71AF-41C7-9A98-709384CE1FBB}
		{5DAC3118-D022-4CEF-81F0-B74ABEED8299} = {038B456E-71AF-41C7-9A98-709384CE1FBB}
		{E694D4AA-BB6A-4BBE-A65B-9B3E9F62A24F} = {038B456E-71AF-41C7-9A98-709384CE1FBB}
	EndGlobalSection
	GlobalSection(ExtensibilityGlobals) = postSolution
		SolutionGuid = {62547EE6-38D9-48E7-9E0B-AA0ACE67A2FC}
	EndGlobalSection
EndGlobal
